
Microsoft Visual Studio Solution File, Format Version 12.00
# Visual Studio 15
VisualStudioVersion = 15.0.27004.2009
MinimumVisualStudioVersion = 10.0.40219.1
Project("{9A19103F-16F7-4668-BE54-9A1E7A4F7556}") = "Provisioning.TeamCity", "src\Provisioning.TeamCity\Provisioning.TeamCity.csproj", "{B5CB2159-28A2-43F8-B872-E77B2B9A7EF1}"
EndProject
Project("{9A19103F-16F7-4668-BE54-9A1E7A4F7556}") = "Provisioning.Bitbucket", "src\Provisioning.Bitbucket\Provisioning.Bitbucket.csproj", "{F54AF059-045A-49E5-929E-ECEE9A921428}"
EndProject
Project("{9A19103F-16F7-4668-BE54-9A1E7A4F7556}") = "Provisioning.HttpExtensions", "src\Provisioning.HttpExtensions\Provisioning.HttpExtensions.csproj", "{AB0653BC-21B7-4A71-846C-7A8A94AEDAD7}"
EndProject
Project("{9A19103F-16F7-4668-BE54-9A1E7A4F7556}") = "Provisioning.Core", "src\Provisioning.Core\Provisioning.Core.csproj", "{ED9AC8B8-6EA8-4C4D-A65F-ADA67AE8D712}"
EndProject
Project("{9A19103F-16F7-4668-BE54-9A1E7A4F7556}") = "Provisioning.Runner", "src\Provisioning.Runner\Provisioning.Runner.csproj", "{1DAD04D4-A169-4F10-A8E8-24E091E7F1F9}"
EndProject
Project("{FAE04EC0-301F-11D3-BF4B-00C04F79EFBC}") = "Provisioning.ProjectGen.DotNetCore", "src\Provisioning.ProjectGen.DotNetCore\Provisioning.ProjectGen.DotNetCore.csproj", "{05E9AC41-4E28-4918-83B1-D742E880C465}"
EndProject
Project("{FAE04EC0-301F-11D3-BF4B-00C04F79EFBC}") = "Provisioning.LocalGit", "src\Provisioning.LocalGit\Provisioning.LocalGit.csproj", "{0D012E2A-F439-4F2C-B060-F13776304E68}"
EndProject
Global
	GlobalSection(SolutionConfigurationPlatforms) = preSolution
		Debug|Any CPU = Debug|Any CPU
		Release|Any CPU = Release|Any CPU
	EndGlobalSection
	GlobalSection(ProjectConfigurationPlatforms) = postSolution
		{B5CB2159-28A2-43F8-B872-E77B2B9A7EF1}.Debug|Any CPU.ActiveCfg = Debug|Any CPU
		{B5CB2159-28A2-43F8-B872-E77B2B9A7EF1}.Debug|Any CPU.Build.0 = Debug|Any CPU
		{B5CB2159-28A2-43F8-B872-E77B2B9A7EF1}.Release|Any CPU.ActiveCfg = Release|Any CPU
		{B5CB2159-28A2-43F8-B872-E77B2B9A7EF1}.Release|Any CPU.Build.0 = Release|Any CPU
		{F54AF059-045A-49E5-929E-ECEE9A921428}.Debug|Any CPU.ActiveCfg = Debug|Any CPU
		{F54AF059-045A-49E5-929E-ECEE9A921428}.Debug|Any CPU.Build.0 = Debug|Any CPU
		{F54AF059-045A-49E5-929E-ECEE9A921428}.Release|Any CPU.ActiveCfg = Release|Any CPU
		{F54AF059-045A-49E5-929E-ECEE9A921428}.Release|Any CPU.Build.0 = Release|Any CPU
		{AB0653BC-21B7-4A71-846C-7A8A94AEDAD7}.Debug|Any CPU.ActiveCfg = Debug|Any CPU
		{AB0653BC-21B7-4A71-846C-7A8A94AEDAD7}.Debug|Any CPU.Build.0 = Debug|Any CPU
		{AB0653BC-21B7-4A71-846C-7A8A94AEDAD7}.Release|Any CPU.ActiveCfg = Release|Any CPU
		{AB0653BC-21B7-4A71-846C-7A8A94AEDAD7}.Release|Any CPU.Build.0 = Release|Any CPU
		{ED9AC8B8-6EA8-4C4D-A65F-ADA67AE8D712}.Debug|Any CPU.ActiveCfg = Debug|Any CPU
		{ED9AC8B8-6EA8-4C4D-A65F-ADA67AE8D712}.Debug|Any CPU.Build.0 = Debug|Any CPU
		{ED9AC8B8-6EA8-4C4D-A65F-ADA67AE8D712}.Release|Any CPU.ActiveCfg = Release|Any CPU
		{ED9AC8B8-6EA8-4C4D-A65F-ADA67AE8D712}.Release|Any CPU.Build.0 = Release|Any CPU
		{1DAD04D4-A169-4F10-A8E8-24E091E7F1F9}.Debug|Any CPU.ActiveCfg = Debug|Any CPU
		{1DAD04D4-A169-4F10-A8E8-24E091E7F1F9}.Debug|Any CPU.Build.0 = Debug|Any CPU
		{1DAD04D4-A169-4F10-A8E8-24E091E7F1F9}.Release|Any CPU.ActiveCfg = Release|Any CPU
		{1DAD04D4-A169-4F10-A8E8-24E091E7F1F9}.Release|Any CPU.Build.0 = Release|Any CPU
		{05E9AC41-4E28-4918-83B1-D742E880C465}.Debug|Any CPU.ActiveCfg = Debug|Any CPU
		{05E9AC41-4E28-4918-83B1-D742E880C465}.Debug|Any CPU.Build.0 = Debug|Any CPU
		{05E9AC41-4E28-4918-83B1-D742E880C465}.Release|Any CPU.ActiveCfg = Release|Any CPU
		{05E9AC41-4E28-4918-83B1-D742E880C465}.Release|Any CPU.Build.0 = Release|Any CPU
		{0D012E2A-F439-4F2C-B060-F13776304E68}.Debug|Any CPU.ActiveCfg = Debug|Any CPU
		{0D012E2A-F439-4F2C-B060-F13776304E68}.Debug|Any CPU.Build.0 = Debug|Any CPU
		{0D012E2A-F439-4F2C-B060-F13776304E68}.Release|Any CPU.ActiveCfg = Release|Any CPU
		{0D012E2A-F439-4F2C-B060-F13776304E68}.Release|Any CPU.Build.0 = Release|Any CPU
	EndGlobalSection
	GlobalSection(SolutionProperties) = preSolution
		HideSolutionNode = FALSE
	EndGlobalSection
	GlobalSection(ExtensibilityGlobals) = postSolution
		SolutionGuid = {B0DA9F14-8574-4F04-9536-F3D70F105978}
	EndGlobalSection
EndGlobal
